
Microsoft Visual Studio Solution File, Format Version 12.00
# Visual Studio Version 17
VisualStudioVersion = 17.11.35208.52
MinimumVisualStudioVersion = 10.0.40219.1
Project("{9A19103F-16F7-4668-BE54-9A1E7A4F7556}") = "BulkyWeb", "BulkyWeb\BulkyWeb.csproj", "{E6A4C1A7-76AD-4A7D-9E07-00625AD3F288}"
EndProject
Project("{9A19103F-16F7-4668-BE54-9A1E7A4F7556}") = "Bulky.DataAccess", "Bulky.DataAccess\Bulky.DataAccess.csproj", "{17D5E688-1FDD-4148-B982-689E9F7562B4}"
EndProject
Project("{9A19103F-16F7-4668-BE54-9A1E7A4F7556}") = "Bulky.Models", "Bulky.Models\Bulky.Models.csproj", "{4B85140E-BC5A-4048-9C3C-EA83AD6B920A}"
EndProject
Project("{9A19103F-16F7-4668-BE54-9A1E7A4F7556}") = "Bulky.Utility", "Bulky.Utilities\Bulky.Utility.csproj", "{489847DE-A889-4CEF-990A-98EB2C1CF4E1}"
EndProject
Global
	GlobalSection(SolutionConfigurationPlatforms) = preSolution
		Debug|Any CPU = Debug|Any CPU
		Release|Any CPU = Release|Any CPU
	EndGlobalSection
	GlobalSection(ProjectConfigurationPlatforms) = postSolution
		{E6A4C1A7-76AD-4A7D-9E07-00625AD3F288}.Debug|Any CPU.ActiveCfg = Debug|Any CPU
		{E6A4C1A7-76AD-4A7D-9E07-00625AD3F288}.Debug|Any CPU.Build.0 = Debug|Any CPU
		{E6A4C1A7-76AD-4A7D-9E07-00625AD3F288}.Release|Any CPU.ActiveCfg = Release|Any CPU
		{E6A4C1A7-76AD-4A7D-9E07-00625AD3F288}.Release|Any CPU.Build.0 = Release|Any CPU
		{17D5E688-1FDD-4148-B982-689E9F7562B4}.Debug|Any CPU.ActiveCfg = Debug|Any CPU
		{17D5E688-1FDD-4148-B982-689E9F7562B4}.Debug|Any CPU.Build.0 = Debug|Any CPU
		{17D5E688-1FDD-4148-B982-689E9F7562B4}.Release|Any CPU.ActiveCfg = Release|Any CPU
		{17D5E688-1FDD-4148-B982-689E9F7562B4}.Release|Any CPU.Build.0 = Release|Any CPU
		{4B85140E-BC5A-4048-9C3C-EA83AD6B920A}.Debug|Any CPU.ActiveCfg = Debug|Any CPU
		{4B85140E-BC5A-4048-9C3C-EA83AD6B920A}.Debug|Any CPU.Build.0 = Debug|Any CPU
		{4B85140E-BC5A-4048-9C3C-EA83AD6B920A}.Release|Any CPU.ActiveCfg = Release|Any CPU
		{4B85140E-BC5A-4048-9C3C-EA83AD6B920A}.Release|Any CPU.Build.0 = Release|Any CPU
		{489847DE-A889-4CEF-990A-98EB2C1CF4E1}.Debug|Any CPU.ActiveCfg = Debug|Any CPU
		{489847DE-A889-4CEF-990A-98EB2C1CF4E1}.Debug|Any CPU.Build.0 = Debug|Any CPU
		{489847DE-A889-4CEF-990A-98EB2C1CF4E1}.Release|Any CPU.ActiveCfg = Release|Any CPU
		{489847DE-A889-4CEF-990A-98EB2C1CF4E1}.Release|Any CPU.Build.0 = Release|Any CPU
	EndGlobalSection
	GlobalSection(SolutionProperties) = preSolution
		HideSolutionNode = FALSE
	EndGlobalSection
	GlobalSection(ExtensibilityGlobals) = postSolution
		SolutionGuid = {56F8E90D-6DDF-434C-8838-D8DBF29DAC95}
	EndGlobalSection
EndGlobal
